// !$*UTF8*$!
{
	archiveVersion = 1;
	classes = {
	};
	objectVersion = 56;
	objects = {

/* Begin PBXBuildFile section */
		433DC0B000C1A1AC5CC2E62B /* Pods_week5.framework in Frameworks */ = {isa = PBXBuildFile; fileRef = 540F374870F5D3E8CEA2605F /* Pods_week5.framework */; };
		603929A6295F0DCE00B817F2 /* UserCell.swift in Sources */ = {isa = PBXBuildFile; fileRef = 603929A4295F0DCE00B817F2 /* UserCell.swift */; };
		603929A7295F0DCE00B817F2 /* UserCell.xib in Resources */ = {isa = PBXBuildFile; fileRef = 603929A5295F0DCE00B817F2 /* UserCell.xib */; };
		603929A9296067A400B817F2 /* Coin.swift in Sources */ = {isa = PBXBuildFile; fileRef = 603929A8296067A400B817F2 /* Coin.swift */; };
		6065E250295D875200723DBB /* AppDelegate.swift in Sources */ = {isa = PBXBuildFile; fileRef = 6065E24F295D875200723DBB /* AppDelegate.swift */; };
		6065E252295D875200723DBB /* SceneDelegate.swift in Sources */ = {isa = PBXBuildFile; fileRef = 6065E251295D875200723DBB /* SceneDelegate.swift */; };
		6065E254295D875200723DBB /* ViewController.swift in Sources */ = {isa = PBXBuildFile; fileRef = 6065E253295D875200723DBB /* ViewController.swift */; };
		6065E257295D875200723DBB /* Main.storyboard in Resources */ = {isa = PBXBuildFile; fileRef = 6065E255295D875200723DBB /* Main.storyboard */; };
		6065E259295D875300723DBB /* Assets.xcassets in Resources */ = {isa = PBXBuildFile; fileRef = 6065E258295D875300723DBB /* Assets.xcassets */; };
		6065E25C295D875300723DBB /* LaunchScreen.storyboard in Resources */ = {isa = PBXBuildFile; fileRef = 6065E25A295D875300723DBB /* LaunchScreen.storyboard */; };
		6065E264295DA34E00723DBB /* TableViewController.swift in Sources */ = {isa = PBXBuildFile; fileRef = 6065E263295DA34E00723DBB /* TableViewController.swift */; };
		60B0E170296E0FFF00346FA0 /* CollectionViewController.swift in Sources */ = {isa = PBXBuildFile; fileRef = 60B0E16F296E0FFF00346FA0 /* CollectionViewController.swift */; };
		60B0E173296E180E00346FA0 /* CollectionViewCell.swift in Sources */ = {isa = PBXBuildFile; fileRef = 60B0E171296E180E00346FA0 /* CollectionViewCell.swift */; };
		60B0E174296E180E00346FA0 /* CollectionViewCell.xib in Resources */ = {isa = PBXBuildFile; fileRef = 60B0E172296E180E00346FA0 /* CollectionViewCell.xib */; };
		60B0E176296EE9DD00346FA0 /* WebViewController.swift in Sources */ = {isa = PBXBuildFile; fileRef = 60B0E175296EE9DD00346FA0 /* WebViewController.swift */; };
		60B0E17829709EB700346FA0 /* MapViewController.swift in Sources */ = {isa = PBXBuildFile; fileRef = 60B0E17729709EB700346FA0 /* MapViewController.swift */; };
		60B0E180297201E200346FA0 /* SDWebImage in Frameworks */ = {isa = PBXBuildFile; productRef = 60B0E17F297201E200346FA0 /* SDWebImage */; };
		60B0E182297201E200346FA0 /* SDWebImageMapKit in Frameworks */ = {isa = PBXBuildFile; productRef = 60B0E181297201E200346FA0 /* SDWebImageMapKit */; };
/* End PBXBuildFile section */

/* Begin PBXFileReference section */
		540F374870F5D3E8CEA2605F /* Pods_week5.framework */ = {isa = PBXFileReference; explicitFileType = wrapper.framework; includeInIndex = 0; path = Pods_week5.framework; sourceTree = BUILT_PRODUCTS_DIR; };
		603929A4295F0DCE00B817F2 /* UserCell.swift */ = {isa = PBXFileReference; lastKnownFileType = sourcecode.swift; path = UserCell.swift; sourceTree = "<group>"; };
		603929A5295F0DCE00B817F2 /* UserCell.xib */ = {isa = PBXFileReference; lastKnownFileType = file.xib; path = UserCell.xib; sourceTree = "<group>"; };
		603929A8296067A400B817F2 /* Coin.swift */ = {isa = PBXFileReference; lastKnownFileType = sourcecode.swift; path = Coin.swift; sourceTree = "<group>"; };
		6065E24C295D875200723DBB /* week5.app */ = {isa = PBXFileReference; explicitFileType = wrapper.application; includeInIndex = 0; path = week5.app; sourceTree = BUILT_PRODUCTS_DIR; };
		6065E24F295D875200723DBB /* AppDelegate.swift */ = {isa = PBXFileReference; lastKnownFileType = sourcecode.swift; path = AppDelegate.swift; sourceTree = "<group>"; };
		6065E251295D875200723DBB /* SceneDelegate.swift */ = {isa = PBXFileReference; lastKnownFileType = sourcecode.swift; path = SceneDelegate.swift; sourceTree = "<group>"; };
		6065E253295D875200723DBB /* ViewController.swift */ = {isa = PBXFileReference; lastKnownFileType = sourcecode.swift; path = ViewController.swift; sourceTree = "<group>"; };
		6065E256295D875200723DBB /* Base */ = {isa = PBXFileReference; lastKnownFileType = file.storyboard; name = Base; path = Base.lproj/Main.storyboard; sourceTree = "<group>"; };
		6065E258295D875300723DBB /* Assets.xcassets */ = {isa = PBXFileReference; lastKnownFileType = folder.assetcatalog; path = Assets.xcassets; sourceTree = "<group>"; };
		6065E25B295D875300723DBB /* Base */ = {isa = PBXFileReference; lastKnownFileType = file.storyboard; name = Base; path = Base.lproj/LaunchScreen.storyboard; sourceTree = "<group>"; };
		6065E25D295D875300723DBB /* Info.plist */ = {isa = PBXFileReference; lastKnownFileType = text.plist.xml; path = Info.plist; sourceTree = "<group>"; };
		6065E263295DA34E00723DBB /* TableViewController.swift */ = {isa = PBXFileReference; lastKnownFileType = sourcecode.swift; path = TableViewController.swift; sourceTree = "<group>"; };
		60B0E16F296E0FFF00346FA0 /* CollectionViewController.swift */ = {isa = PBXFileReference; lastKnownFileType = sourcecode.swift; path = CollectionViewController.swift; sourceTree = "<group>"; };
		60B0E171296E180E00346FA0 /* CollectionViewCell.swift */ = {isa = PBXFileReference; lastKnownFileType = sourcecode.swift; path = CollectionViewCell.swift; sourceTree = "<group>"; };
		60B0E172296E180E00346FA0 /* CollectionViewCell.xib */ = {isa = PBXFileReference; lastKnownFileType = file.xib; path = CollectionViewCell.xib; sourceTree = "<group>"; };
		60B0E175296EE9DD00346FA0 /* WebViewController.swift */ = {isa = PBXFileReference; lastKnownFileType = sourcecode.swift; path = WebViewController.swift; sourceTree = "<group>"; };
		60B0E17729709EB700346FA0 /* MapViewController.swift */ = {isa = PBXFileReference; lastKnownFileType = sourcecode.swift; path = MapViewController.swift; sourceTree = "<group>"; };
		A6804D32A2C08BC9E611D025 /* Pods-week5.debug.xcconfig */ = {isa = PBXFileReference; includeInIndex = 1; lastKnownFileType = text.xcconfig; name = "Pods-week5.debug.xcconfig"; path = "Target Support Files/Pods-week5/Pods-week5.debug.xcconfig"; sourceTree = "<group>"; };
		BC7F3891E35C55F4EFB3907E /* Pods-week5.release.xcconfig */ = {isa = PBXFileReference; includeInIndex = 1; lastKnownFileType = text.xcconfig; name = "Pods-week5.release.xcconfig"; path = "Target Support Files/Pods-week5/Pods-week5.release.xcconfig"; sourceTree = "<group>"; };
/* End PBXFileReference section */

/* Begin PBXFrameworksBuildPhase section */
		6065E249295D875200723DBB /* Frameworks */ = {
			isa = PBXFrameworksBuildPhase;
			buildActionMask = 2147483647;
			files = (
				60B0E180297201E200346FA0 /* SDWebImage in Frameworks */,
				60B0E182297201E200346FA0 /* SDWebImageMapKit in Frameworks */,
				433DC0B000C1A1AC5CC2E62B /* Pods_week5.framework in Frameworks */,
			);
			runOnlyForDeploymentPostprocessing = 0;
		};
/* End PBXFrameworksBuildPhase section */

/* Begin PBXGroup section */
		478553E242E9AA100AC07CEF /* Pods */ = {
			isa = PBXGroup;
			children = (
				A6804D32A2C08BC9E611D025 /* Pods-week5.debug.xcconfig */,
				BC7F3891E35C55F4EFB3907E /* Pods-week5.release.xcconfig */,
			);
			path = Pods;
			sourceTree = "<group>";
		};
		6065E243295D875200723DBB = {
			isa = PBXGroup;
			children = (
				6065E24E295D875200723DBB /* week4 */,
				6065E24D295D875200723DBB /* Products */,
				478553E242E9AA100AC07CEF /* Pods */,
				C921ADA918F752AA5D1DD38D /* Frameworks */,
			);
			sourceTree = "<group>";
		};
		6065E24D295D875200723DBB /* Products */ = {
			isa = PBXGroup;
			children = (
				6065E24C295D875200723DBB /* week5.app */,
			);
			name = Products;
			sourceTree = "<group>";
		};
		6065E24E295D875200723DBB /* week4 */ = {
			isa = PBXGroup;
			children = (
				60B0E17D2970A08900346FA0 /* Models */,
				60B0E17C29709FEC00346FA0 /* Delegates */,
				60B0E17B29709F2900346FA0 /* Custom Cells */,
				60B0E17A29709EE900346FA0 /* Controllers */,
				6065E25A295D875300723DBB /* LaunchScreen.storyboard */,
				6065E258295D875300723DBB /* Assets.xcassets */,
				6065E25D295D875300723DBB /* Info.plist */,
				6065E255295D875200723DBB /* Main.storyboard */,
			);
			path = week4;
			sourceTree = "<group>";
		};
		60B0E17A29709EE900346FA0 /* Controllers */ = {
			isa = PBXGroup;
			children = (
				6065E253295D875200723DBB /* ViewController.swift */,
				6065E263295DA34E00723DBB /* TableViewController.swift */,
				60B0E16F296E0FFF00346FA0 /* CollectionViewController.swift */,
				60B0E175296EE9DD00346FA0 /* WebViewController.swift */,
				60B0E17729709EB700346FA0 /* MapViewController.swift */,
			);
			path = Controllers;
			sourceTree = "<group>";
		};
		60B0E17B29709F2900346FA0 /* Custom Cells */ = {
			isa = PBXGroup;
			children = (
				60B0E171296E180E00346FA0 /* CollectionViewCell.swift */,
				60B0E172296E180E00346FA0 /* CollectionViewCell.xib */,
				603929A5295F0DCE00B817F2 /* UserCell.xib */,
				603929A4295F0DCE00B817F2 /* UserCell.swift */,
			);
			path = "Custom Cells";
			sourceTree = "<group>";
		};
		60B0E17C29709FEC00346FA0 /* Delegates */ = {
			isa = PBXGroup;
			children = (
				6065E24F295D875200723DBB /* AppDelegate.swift */,
				6065E251295D875200723DBB /* SceneDelegate.swift */,
			);
			path = Delegates;
			sourceTree = "<group>";
		};
		60B0E17D2970A08900346FA0 /* Models */ = {
			isa = PBXGroup;
			children = (
				603929A8296067A400B817F2 /* Coin.swift */,
			);
			path = Models;
			sourceTree = "<group>";
		};
		C921ADA918F752AA5D1DD38D /* Frameworks */ = {
			isa = PBXGroup;
			children = (
				540F374870F5D3E8CEA2605F /* Pods_week5.framework */,
			);
			name = Frameworks;
			sourceTree = "<group>";
		};
/* End PBXGroup section */

/* Begin PBXNativeTarget section */
		6065E24B295D875200723DBB /* week5 */ = {
			isa = PBXNativeTarget;
			buildConfigurationList = 6065E260295D875300723DBB /* Build configuration list for PBXNativeTarget "week5" */;
			buildPhases = (
				711A83515047C5D9DDC316DB /* [CP] Check Pods Manifest.lock */,
				6065E248295D875200723DBB /* Sources */,
				6065E249295D875200723DBB /* Frameworks */,
				6065E24A295D875200723DBB /* Resources */,
				B80A3D7CBCC957A9827F5F39 /* [CP] Embed Pods Frameworks */,
			);
			buildRules = (
			);
			dependencies = (
			);
			name = week5;
			packageProductDependencies = (
				60B0E17F297201E200346FA0 /* SDWebImage */,
				60B0E181297201E200346FA0 /* SDWebImageMapKit */,
			);
			productName = week4;
			productReference = 6065E24C295D875200723DBB /* week5.app */;
			productType = "com.apple.product-type.application";
		};
/* End PBXNativeTarget section */

/* Begin PBXProject section */
		6065E244295D875200723DBB /* Project object */ = {
			isa = PBXProject;
			attributes = {
				BuildIndependentTargetsInParallel = 1;
				LastSwiftUpdateCheck = 1420;
				LastUpgradeCheck = 1420;
				TargetAttributes = {
					6065E24B295D875200723DBB = {
						CreatedOnToolsVersion = 14.2;
					};
				};
			};
			buildConfigurationList = 6065E247295D875200723DBB /* Build configuration list for PBXProject "week6" */;
			compatibilityVersion = "Xcode 14.0";
			developmentRegion = en;
			hasScannedForEncodings = 0;
			knownRegions = (
				en,
				Base,
			);
			mainGroup = 6065E243295D875200723DBB;
			packageReferences = (
				60B0E17E297201E200346FA0 /* XCRemoteSwiftPackageReference "SDWebImage" */,
			);
			productRefGroup = 6065E24D295D875200723DBB /* Products */;
			projectDirPath = "";
			projectRoot = "";
			targets = (
				6065E24B295D875200723DBB /* week5 */,
			);
		};
/* End PBXProject section */

/* Begin PBXResourcesBuildPhase section */
		6065E24A295D875200723DBB /* Resources */ = {
			isa = PBXResourcesBuildPhase;
			buildActionMask = 2147483647;
			files = (
				603929A7295F0DCE00B817F2 /* UserCell.xib in Resources */,
				6065E25C295D875300723DBB /* LaunchScreen.storyboard in Resources */,
				6065E259295D875300723DBB /* Assets.xcassets in Resources */,
				6065E257295D875200723DBB /* Main.storyboard in Resources */,
				60B0E174296E180E00346FA0 /* CollectionViewCell.xib in Resources */,
			);
			runOnlyForDeploymentPostprocessing = 0;
		};
/* End PBXResourcesBuildPhase section */

/* Begin PBXShellScriptBuildPhase section */
		711A83515047C5D9DDC316DB /* [CP] Check Pods Manifest.lock */ = {
			isa = PBXShellScriptBuildPhase;
			buildActionMask = 2147483647;
			files = (
			);
			inputFileListPaths = (
			);
			inputPaths = (
				"${PODS_PODFILE_DIR_PATH}/Podfile.lock",
				"${PODS_ROOT}/Manifest.lock",
			);
			name = "[CP] Check Pods Manifest.lock";
			outputFileListPaths = (
			);
			outputPaths = (
				"$(DERIVED_FILE_DIR)/Pods-week5-checkManifestLockResult.txt",
			);
			runOnlyForDeploymentPostprocessing = 0;
			shellPath = /bin/sh;
			shellScript = "diff \"${PODS_PODFILE_DIR_PATH}/Podfile.lock\" \"${PODS_ROOT}/Manifest.lock\" > /dev/null\nif [ $? != 0 ] ; then\n    # print error to STDERR\n    echo \"error: The sandbox is not in sync with the Podfile.lock. Run 'pod install' or update your CocoaPods installation.\" >&2\n    exit 1\nfi\n# This output is used by Xcode 'outputs' to avoid re-running this script phase.\necho \"SUCCESS\" > \"${SCRIPT_OUTPUT_FILE_0}\"\n";
			showEnvVarsInLog = 0;
		};
		B80A3D7CBCC957A9827F5F39 /* [CP] Embed Pods Frameworks */ = {
			isa = PBXShellScriptBuildPhase;
			buildActionMask = 2147483647;
			files = (
			);
			inputFileListPaths = (
				"${PODS_ROOT}/Target Support Files/Pods-week5/Pods-week5-frameworks-${CONFIGURATION}-input-files.xcfilelist",
			);
			name = "[CP] Embed Pods Frameworks";
			outputFileListPaths = (
				"${PODS_ROOT}/Target Support Files/Pods-week5/Pods-week5-frameworks-${CONFIGURATION}-output-files.xcfilelist",
			);
			runOnlyForDeploymentPostprocessing = 0;
			shellPath = /bin/sh;
			shellScript = "\"${PODS_ROOT}/Target Support Files/Pods-week5/Pods-week5-frameworks.sh\"\n";
			showEnvVarsInLog = 0;
		};
/* End PBXShellScriptBuildPhase section */

/* Begin PBXSourcesBuildPhase section */
		6065E248295D875200723DBB /* Sources */ = {
			isa = PBXSourcesBuildPhase;
			buildActionMask = 2147483647;
			files = (
				603929A9296067A400B817F2 /* Coin.swift in Sources */,
				6065E254295D875200723DBB /* ViewController.swift in Sources */,
				60B0E173296E180E00346FA0 /* CollectionViewCell.swift in Sources */,
				60B0E17829709EB700346FA0 /* MapViewController.swift in Sources */,
				6065E250295D875200723DBB /* AppDelegate.swift in Sources */,
				60B0E176296EE9DD00346FA0 /* WebViewController.swift in Sources */,
				6065E252295D875200723DBB /* SceneDelegate.swift in Sources */,
				60B0E170296E0FFF00346FA0 /* CollectionViewController.swift in Sources */,
				603929A6295F0DCE00B817F2 /* UserCell.swift in Sources */,
				6065E264295DA34E00723DBB /* TableViewController.swift in Sources */,
			);
			runOnlyForDeploymentPostprocessing = 0;
		};
/* End PBXSourcesBuildPhase section */

/* Begin PBXVariantGroup section */
		6065E255295D875200723DBB /* Main.storyboard */ = {
			isa = PBXVariantGroup;
			children = (
				6065E256295D875200723DBB /* Base */,
			);
			name = Main.storyboard;
			sourceTree = "<group>";
		};
		6065E25A295D875300723DBB /* LaunchScreen.storyboard */ = {
			isa = PBXVariantGroup;
			children = (
				6065E25B295D875300723DBB /* Base */,
			);
			name = LaunchScreen.storyboard;
			sourceTree = "<group>";
		};
/* End PBXVariantGroup section */

/* Begin XCBuildConfiguration section */
		6065E25E295D875300723DBB /* Debug */ = {
			isa = XCBuildConfiguration;
			buildSettings = {
				ALWAYS_SEARCH_USER_PATHS = NO;
				CLANG_ANALYZER_NONNULL = YES;
				CLANG_ANALYZER_NUMBER_OBJECT_CONVERSION = YES_AGGRESSIVE;
				CLANG_CXX_LANGUAGE_STANDARD = "gnu++20";
				CLANG_ENABLE_MODULES = YES;
				CLANG_ENABLE_OBJC_ARC = YES;
				CLANG_ENABLE_OBJC_WEAK = YES;
				CLANG_WARN_BLOCK_CAPTURE_AUTORELEASING = YES;
				CLANG_WARN_BOOL_CONVERSION = YES;
				CLANG_WARN_COMMA = YES;
				CLANG_WARN_CONSTANT_CONVERSION = YES;
				CLANG_WARN_DEPRECATED_OBJC_IMPLEMENTATIONS = YES;
				CLANG_WARN_DIRECT_OBJC_ISA_USAGE = YES_ERROR;
				CLANG_WARN_DOCUMENTATION_COMMENTS = YES;
				CLANG_WARN_EMPTY_BODY = YES;
				CLANG_WARN_ENUM_CONVERSION = YES;
				CLANG_WARN_INFINITE_RECURSION = YES;
				CLANG_WARN_INT_CONVERSION = YES;
				CLANG_WARN_NON_LITERAL_NULL_CONVERSION = YES;
				CLANG_WARN_OBJC_IMPLICIT_RETAIN_SELF = YES;
				CLANG_WARN_OBJC_LITERAL_CONVERSION = YES;
				CLANG_WARN_OBJC_ROOT_CLASS = YES_ERROR;
				CLANG_WARN_QUOTED_INCLUDE_IN_FRAMEWORK_HEADER = YES;
				CLANG_WARN_RANGE_LOOP_ANALYSIS = YES;
				CLANG_WARN_STRICT_PROTOTYPES = YES;
				CLANG_WARN_SUSPICIOUS_MOVE = YES;
				CLANG_WARN_UNGUARDED_AVAILABILITY = YES_AGGRESSIVE;
				CLANG_WARN_UNREACHABLE_CODE = YES;
				CLANG_WARN__DUPLICATE_METHOD_MATCH = YES;
				COPY_PHASE_STRIP = NO;
				DEBUG_INFORMATION_FORMAT = dwarf;
				ENABLE_STRICT_OBJC_MSGSEND = YES;
				ENABLE_TESTABILITY = YES;
				GCC_C_LANGUAGE_STANDARD = gnu11;
				GCC_DYNAMIC_NO_PIC = NO;
				GCC_NO_COMMON_BLOCKS = YES;
				GCC_OPTIMIZATION_LEVEL = 0;
				GCC_PREPROCESSOR_DEFINITIONS = (
					"DEBUG=1",
					"$(inherited)",
				);
				GCC_WARN_64_TO_32_BIT_CONVERSION = YES;
				GCC_WARN_ABOUT_RETURN_TYPE = YES_ERROR;
				GCC_WARN_UNDECLARED_SELECTOR = YES;
				GCC_WARN_UNINITIALIZED_AUTOS = YES_AGGRESSIVE;
				GCC_WARN_UNUSED_FUNCTION = YES;
				GCC_WARN_UNUSED_VARIABLE = YES;
				IPHONEOS_DEPLOYMENT_TARGET = 16.2;
				MTL_ENABLE_DEBUG_INFO = INCLUDE_SOURCE;
				MTL_FAST_MATH = YES;
				ONLY_ACTIVE_ARCH = YES;
				SDKROOT = iphoneos;
				SWIFT_ACTIVE_COMPILATION_CONDITIONS = DEBUG;
				SWIFT_OPTIMIZATION_LEVEL = "-Onone";
			};
			name = Debug;
		};
		6065E25F295D875300723DBB /* Release */ = {
			isa = XCBuildConfiguration;
			buildSettings = {
				ALWAYS_SEARCH_USER_PATHS = NO;
				CLANG_ANALYZER_NONNULL = YES;
				CLANG_ANALYZER_NUMBER_OBJECT_CONVERSION = YES_AGGRESSIVE;
				CLANG_CXX_LANGUAGE_STANDARD = "gnu++20";
				CLANG_ENABLE_MODULES = YES;
				CLANG_ENABLE_OBJC_ARC = YES;
				CLANG_ENABLE_OBJC_WEAK = YES;
				CLANG_WARN_BLOCK_CAPTURE_AUTORELEASING = YES;
				CLANG_WARN_BOOL_CONVERSION = YES;
				CLANG_WARN_COMMA = YES;
				CLANG_WARN_CONSTANT_CONVERSION = YES;
				CLANG_WARN_DEPRECATED_OBJC_IMPLEMENTATIONS = YES;
				CLANG_WARN_DIRECT_OBJC_ISA_USAGE = YES_ERROR;
				CLANG_WARN_DOCUMENTATION_COMMENTS = YES;
				CLANG_WARN_EMPTY_BODY = YES;
				CLANG_WARN_ENUM_CONVERSION = YES;
				CLANG_WARN_INFINITE_RECURSION = YES;
				CLANG_WARN_INT_CONVERSION = YES;
				CLANG_WARN_NON_LITERAL_NULL_CONVERSION = YES;
				CLANG_WARN_OBJC_IMPLICIT_RETAIN_SELF = YES;
				CLANG_WARN_OBJC_LITERAL_CONVERSION = YES;
				CLANG_WARN_OBJC_ROOT_CLASS = YES_ERROR;
				CLANG_WARN_QUOTED_INCLUDE_IN_FRAMEWORK_HEADER = YES;
				CLANG_WARN_RANGE_LOOP_ANALYSIS = YES;
				CLANG_WARN_STRICT_PROTOTYPES = YES;
				CLANG_WARN_SUSPICIOUS_MOVE = YES;
				CLANG_WARN_UNGUARDED_AVAILABILITY = YES_AGGRESSIVE;
				CLANG_WARN_UNREACHABLE_CODE = YES;
				CLANG_WARN__DUPLICATE_METHOD_MATCH = YES;
				COPY_PHASE_STRIP = NO;
				DEBUG_INFORMATION_FORMAT = "dwarf-with-dsym";
				ENABLE_NS_ASSERTIONS = NO;
				ENABLE_STRICT_OBJC_MSGSEND = YES;
				GCC_C_LANGUAGE_STANDARD = gnu11;
				GCC_NO_COMMON_BLOCKS = YES;
				GCC_WARN_64_TO_32_BIT_CONVERSION = YES;
				GCC_WARN_ABOUT_RETURN_TYPE = YES_ERROR;
				GCC_WARN_UNDECLARED_SELECTOR = YES;
				GCC_WARN_UNINITIALIZED_AUTOS = YES_AGGRESSIVE;
				GCC_WARN_UNUSED_FUNCTION = YES;
				GCC_WARN_UNUSED_VARIABLE = YES;
				IPHONEOS_DEPLOYMENT_TARGET = 16.2;
				MTL_ENABLE_DEBUG_INFO = NO;
				MTL_FAST_MATH = YES;
				SDKROOT = iphoneos;
				SWIFT_COMPILATION_MODE = wholemodule;
				SWIFT_OPTIMIZATION_LEVEL = "-O";
				VALIDATE_PRODUCT = YES;
			};
			name = Release;
		};
		6065E261295D875300723DBB /* Debug */ = {
			isa = XCBuildConfiguration;
			baseConfigurationReference = A6804D32A2C08BC9E611D025 /* Pods-week5.debug.xcconfig */;
			buildSettings = {
				ASSETCATALOG_COMPILER_APPICON_NAME = AppIcon;
				ASSETCATALOG_COMPILER_GLOBAL_ACCENT_COLOR_NAME = AccentColor;
				CODE_SIGN_STYLE = Automatic;
				CURRENT_PROJECT_VERSION = 1;
				DEVELOPMENT_TEAM = G58UNYLJYD;
				GENERATE_INFOPLIST_FILE = YES;
				INFOPLIST_FILE = week4/Info.plist;
				INFOPLIST_KEY_UIApplicationSupportsIndirectInputEvents = YES;
				INFOPLIST_KEY_UILaunchStoryboardName = LaunchScreen;
				INFOPLIST_KEY_UIMainStoryboardFile = Main;
				INFOPLIST_KEY_UISupportedInterfaceOrientations_iPad = "UIInterfaceOrientationPortrait UIInterfaceOrientationPortraitUpsideDown UIInterfaceOrientationLandscapeLeft UIInterfaceOrientationLandscapeRight";
				INFOPLIST_KEY_UISupportedInterfaceOrientations_iPhone = "UIInterfaceOrientationPortrait UIInterfaceOrientationLandscapeLeft UIInterfaceOrientationLandscapeRight";
				IPHONEOS_DEPLOYMENT_TARGET = 16.2;
				LD_RUNPATH_SEARCH_PATHS = (
					"$(inherited)",
					"@executable_path/Frameworks",
				);
				MARKETING_VERSION = 1.0;
				PRODUCT_BUNDLE_IDENTIFIER = com.aliserkanboyraci.week4;
				PRODUCT_NAME = "$(TARGET_NAME)";
				SWIFT_EMIT_LOC_STRINGS = YES;
				SWIFT_VERSION = 5.0;
				TARGETED_DEVICE_FAMILY = "1,2";
			};
			name = Debug;
		};
		6065E262295D875300723DBB /* Release */ = {
			isa = XCBuildConfiguration;
			baseConfigurationReference = BC7F3891E35C55F4EFB3907E /* Pods-week5.release.xcconfig */;
			buildSettings = {
				ASSETCATALOG_COMPILER_APPICON_NAME = AppIcon;
				ASSETCATALOG_COMPILER_GLOBAL_ACCENT_COLOR_NAME = AccentColor;
				CODE_SIGN_STYLE = Automatic;
				CURRENT_PROJECT_VERSION = 1;
				DEVELOPMENT_TEAM = G58UNYLJYD;
				GENERATE_INFOPLIST_FILE = YES;
				INFOPLIST_FILE = week4/Info.plist;
				INFOPLIST_KEY_UIApplicationSupportsIndirectInputEvents = YES;
				INFOPLIST_KEY_UILaunchStoryboardName = LaunchScreen;
				INFOPLIST_KEY_UIMainStoryboardFile = Main;
				INFOPLIST_KEY_UISupportedInterfaceOrientations_iPad = "UIInterfaceOrientationPortrait UIInterfaceOrientationPortraitUpsideDown UIInterfaceOrientationLandscapeLeft UIInterfaceOrientationLandscapeRight";
				INFOPLIST_KEY_UISupportedInterfaceOrientations_iPhone = "UIInterfaceOrientationPortrait UIInterfaceOrientationLandscapeLeft UIInterfaceOrientationLandscapeRight";
				IPHONEOS_DEPLOYMENT_TARGET = 16.2;
				LD_RUNPATH_SEARCH_PATHS = (
					"$(inherited)",
					"@executable_path/Frameworks",
				);
				MARKETING_VERSION = 1.0;
				PRODUCT_BUNDLE_IDENTIFIER = com.aliserkanboyraci.week4;
				PRODUCT_NAME = "$(TARGET_NAME)";
				SWIFT_EMIT_LOC_STRINGS = YES;
				SWIFT_VERSION = 5.0;
				TARGETED_DEVICE_FAMILY = "1,2";
			};
			name = Release;
		};
/* End XCBuildConfiguration section */

/* Begin XCConfigurationList section */
		6065E247295D875200723DBB /* Build configuration list for PBXProject "week6" */ = {
			isa = XCConfigurationList;
			buildConfigurations = (
				6065E25E295D875300723DBB /* Debug */,
				6065E25F295D875300723DBB /* Release */,
			);
			defaultConfigurationIsVisible = 0;
			defaultConfigurationName = Release;
		};
		6065E260295D875300723DBB /* Build configuration list for PBXNativeTarget "week5" */ = {
			isa = XCConfigurationList;
			buildConfigurations = (
				6065E261295D875300723DBB /* Debug */,
				6065E262295D875300723DBB /* Release */,
			);
			defaultConfigurationIsVisible = 0;
			defaultConfigurationName = Release;
		};
/* End XCConfigurationList section */

/* Begin XCRemoteSwiftPackageReference section */
		60B0E17E297201E200346FA0 /* XCRemoteSwiftPackageReference "SDWebImage" */ = {
			isa = XCRemoteSwiftPackageReference;
			repositoryURL = "https://github.com/SDWebImage/SDWebImage.git";
			requirement = {
				kind = upToNextMajorVersion;
				minimumVersion = 5.0.0;
			};
		};
/* End XCRemoteSwiftPackageReference section */

/* Begin XCSwiftPackageProductDependency section */
		60B0E17F297201E200346FA0 /* SDWebImage */ = {
			isa = XCSwiftPackageProductDependency;
			package = 60B0E17E297201E200346FA0 /* XCRemoteSwiftPackageReference "SDWebImage" */;
			productName = SDWebImage;
		};
		60B0E181297201E200346FA0 /* SDWebImageMapKit */ = {
			isa = XCSwiftPackageProductDependency;
			package = 60B0E17E297201E200346FA0 /* XCRemoteSwiftPackageReference "SDWebImage" */;
			productName = SDWebImageMapKit;
		};
/* End XCSwiftPackageProductDependency section */
	};
	rootObject = 6065E244295D875200723DBB /* Project object */;
}
